
Microsoft Visual Studio Solution File, Format Version 12.00
# Visual Studio Version 17
VisualStudioVersion = 17.7.34202.233
MinimumVisualStudioVersion = 10.0.40219.1
Project("{2150E333-8FDC-42A3-9474-1A3956D46DE8}") = "src", "src", "{A7D35C60-BE07-4F09-B6F1-A08C28CC93A6}"
EndProject
Project("{2150E333-8FDC-42A3-9474-1A3956D46DE8}") = "tests", "tests", "{22B27617-F5E2-4D57-A4C9-742A6C15DFB2}"
EndProject
Project("{2150E333-8FDC-42A3-9474-1A3956D46DE8}") = "UnitTests", "UnitTests", "{AC5BF830-F46A-4241-B703-4177F0CE0989}"
EndProject
Project("{FAE04EC0-301F-11D3-BF4B-00C04F79EFBC}") = "UnitTests", "tests\UnitTests\UnitTests\UnitTests.csproj", "{5E6B08F3-567E-43EA-BD22-F47DDC6BF556}"
EndProject
Project("{2150E333-8FDC-42A3-9474-1A3956D46DE8}") = "IntegratedTests", "IntegratedTests", "{7D50FE33-0396-46B9-B15B-4F4A7D845E15}"
EndProject
Project("{FAE04EC0-301F-11D3-BF4B-00C04F79EFBC}") = "IntegratedTests", "tests\IntegratedTests\IntegratedTests\IntegratedTests.csproj", "{A62CE08B-55C0-427A-BD92-49668D72375A}"
EndProject
Project("{2150E333-8FDC-42A3-9474-1A3956D46DE8}") = "FunctionalTests", "FunctionalTests", "{4BC97A00-DB80-42B8-A01D-B8B807ACB41A}"
EndProject
Project("{FAE04EC0-301F-11D3-BF4B-00C04F79EFBC}") = "FunctionalTests", "tests\FunctionalTests\FunctionalTests\FunctionalTests.csproj", "{CF5C1CE6-2154-4761-8822-43629C1B972B}"
EndProject
Project("{2150E333-8FDC-42A3-9474-1A3956D46DE8}") = "1 - API", "1 - API", "{DAE527A8-3444-4CB8-9AC1-FDDBDE2FE1A7}"
EndProject
Project("{2150E333-8FDC-42A3-9474-1A3956D46DE8}") = "2 - Application", "2 - Application", "{35CBD5D7-9654-49F0-9365-353FA6A78AF0}"
EndProject
Project("{2150E333-8FDC-42A3-9474-1A3956D46DE8}") = "3 - Domain", "3 - Domain", "{99DE853C-A627-4103-8537-FD785C2A733F}"
EndProject
Project("{2150E333-8FDC-42A3-9474-1A3956D46DE8}") = "4 - Infrastructure", "4 - Infrastructure", "{569E21FA-0695-4DAD-9723-6C7B13683D09}"
EndProject
Project("{FAE04EC0-301F-11D3-BF4B-00C04F79EFBC}") = "WebApi", "src\1 - API\WebApi\WebApi.csproj", "{C04BCBC4-145C-417A-A5F4-A641A32B5E4E}"
EndProject
Project("{FAE04EC0-301F-11D3-BF4B-00C04F79EFBC}") = "Application", "src\2 - Application\Application\Application.csproj", "{0182307C-2415-4BF0-8A3B-FF2C32060196}"
EndProject
Project("{FAE04EC0-301F-11D3-BF4B-00C04F79EFBC}") = "Domain", "src\3 - Domain\Domain\Domain.csproj", "{DC0A541B-5277-435A-9047-75F79C1AA77D}"
EndProject
Project("{FAE04EC0-301F-11D3-BF4B-00C04F79EFBC}") = "Infrastructure.MongoDB", "src\4 - Infrastructure\Infrastructure.MongoDB\Infrastructure.MongoDB.csproj", "{92C7D0EC-6FD0-443F-AEA4-CA9D8C6FC7F3}"
EndProject
Project("{FAE04EC0-301F-11D3-BF4B-00C04F79EFBC}") = "Infrastructure.Kafka", "src\4 - Infrastructure\Infrastructure.Kafka\Infrastructure.Kafka.csproj", "{E9620299-BF9F-4457-8D7A-B1580856C02D}"
EndProject
Global
	GlobalSection(SolutionConfigurationPlatforms) = preSolution
		Debug|Any CPU = Debug|Any CPU
		Release|Any CPU = Release|Any CPU
	EndGlobalSection
	GlobalSection(ProjectConfigurationPlatforms) = postSolution
		{5E6B08F3-567E-43EA-BD22-F47DDC6BF556}.Debug|Any CPU.ActiveCfg = Debug|Any CPU
		{5E6B08F3-567E-43EA-BD22-F47DDC6BF556}.Debug|Any CPU.Build.0 = Debug|Any CPU
		{5E6B08F3-567E-43EA-BD22-F47DDC6BF556}.Release|Any CPU.ActiveCfg = Release|Any CPU
		{5E6B08F3-567E-43EA-BD22-F47DDC6BF556}.Release|Any CPU.Build.0 = Release|Any CPU
		{A62CE08B-55C0-427A-BD92-49668D72375A}.Debug|Any CPU.ActiveCfg = Debug|Any CPU
		{A62CE08B-55C0-427A-BD92-49668D72375A}.Debug|Any CPU.Build.0 = Debug|Any CPU
		{A62CE08B-55C0-427A-BD92-49668D72375A}.Release|Any CPU.ActiveCfg = Release|Any CPU
		{A62CE08B-55C0-427A-BD92-49668D72375A}.Release|Any CPU.Build.0 = Release|Any CPU
		{CF5C1CE6-2154-4761-8822-43629C1B972B}.Debug|Any CPU.ActiveCfg = Debug|Any CPU
		{CF5C1CE6-2154-4761-8822-43629C1B972B}.Debug|Any CPU.Build.0 = Debug|Any CPU
		{CF5C1CE6-2154-4761-8822-43629C1B972B}.Release|Any CPU.ActiveCfg = Release|Any CPU
		{CF5C1CE6-2154-4761-8822-43629C1B972B}.Release|Any CPU.Build.0 = Release|Any CPU
		{C04BCBC4-145C-417A-A5F4-A641A32B5E4E}.Debug|Any CPU.ActiveCfg = Debug|Any CPU
		{C04BCBC4-145C-417A-A5F4-A641A32B5E4E}.Debug|Any CPU.Build.0 = Debug|Any CPU
		{C04BCBC4-145C-417A-A5F4-A641A32B5E4E}.Release|Any CPU.ActiveCfg = Release|Any CPU
		{C04BCBC4-145C-417A-A5F4-A641A32B5E4E}.Release|Any CPU.Build.0 = Release|Any CPU
		{0182307C-2415-4BF0-8A3B-FF2C32060196}.Debug|Any CPU.ActiveCfg = Debug|Any CPU
		{0182307C-2415-4BF0-8A3B-FF2C32060196}.Debug|Any CPU.Build.0 = Debug|Any CPU
		{0182307C-2415-4BF0-8A3B-FF2C32060196}.Release|Any CPU.ActiveCfg = Release|Any CPU
		{0182307C-2415-4BF0-8A3B-FF2C32060196}.Release|Any CPU.Build.0 = Release|Any CPU
		{DC0A541B-5277-435A-9047-75F79C1AA77D}.Debug|Any CPU.ActiveCfg = Debug|Any CPU
		{DC0A541B-5277-435A-9047-75F79C1AA77D}.Debug|Any CPU.Build.0 = Debug|Any CPU
		{DC0A541B-5277-435A-9047-75F79C1AA77D}.Release|Any CPU.ActiveCfg = Release|Any CPU
		{DC0A541B-5277-435A-9047-75F79C1AA77D}.Release|Any CPU.Build.0 = Release|Any CPU
		{92C7D0EC-6FD0-443F-AEA4-CA9D8C6FC7F3}.Debug|Any CPU.ActiveCfg = Debug|Any CPU
		{92C7D0EC-6FD0-443F-AEA4-CA9D8C6FC7F3}.Debug|Any CPU.Build.0 = Debug|Any CPU
		{92C7D0EC-6FD0-443F-AEA4-CA9D8C6FC7F3}.Release|Any CPU.ActiveCfg = Release|Any CPU
		{92C7D0EC-6FD0-443F-AEA4-CA9D8C6FC7F3}.Release|Any CPU.Build.0 = Release|Any CPU
		{E9620299-BF9F-4457-8D7A-B1580856C02D}.Debug|Any CPU.ActiveCfg = Debug|Any CPU
		{E9620299-BF9F-4457-8D7A-B1580856C02D}.Debug|Any CPU.Build.0 = Debug|Any CPU
		{E9620299-BF9F-4457-8D7A-B1580856C02D}.Release|Any CPU.ActiveCfg = Release|Any CPU
		{E9620299-BF9F-4457-8D7A-B1580856C02D}.Release|Any CPU.Build.0 = Release|Any CPU
	EndGlobalSection
	GlobalSection(SolutionProperties) = preSolution
		HideSolutionNode = FALSE
	EndGlobalSection
	GlobalSection(NestedProjects) = preSolution
		{AC5BF830-F46A-4241-B703-4177F0CE0989} = {22B27617-F5E2-4D57-A4C9-742A6C15DFB2}
		{5E6B08F3-567E-43EA-BD22-F47DDC6BF556} = {AC5BF830-F46A-4241-B703-4177F0CE0989}
		{7D50FE33-0396-46B9-B15B-4F4A7D845E15} = {22B27617-F5E2-4D57-A4C9-742A6C15DFB2}
		{A62CE08B-55C0-427A-BD92-49668D72375A} = {7D50FE33-0396-46B9-B15B-4F4A7D845E15}
		{4BC97A00-DB80-42B8-A01D-B8B807ACB41A} = {22B27617-F5E2-4D57-A4C9-742A6C15DFB2}
		{CF5C1CE6-2154-4761-8822-43629C1B972B} = {4BC97A00-DB80-42B8-A01D-B8B807ACB41A}
		{DAE527A8-3444-4CB8-9AC1-FDDBDE2FE1A7} = {A7D35C60-BE07-4F09-B6F1-A08C28CC93A6}
		{35CBD5D7-9654-49F0-9365-353FA6A78AF0} = {A7D35C60-BE07-4F09-B6F1-A08C28CC93A6}
		{99DE853C-A627-4103-8537-FD785C2A733F} = {A7D35C60-BE07-4F09-B6F1-A08C28CC93A6}
		{569E21FA-0695-4DAD-9723-6C7B13683D09} = {A7D35C60-BE07-4F09-B6F1-A08C28CC93A6}
		{C04BCBC4-145C-417A-A5F4-A641A32B5E4E} = {DAE527A8-3444-4CB8-9AC1-FDDBDE2FE1A7}
		{0182307C-2415-4BF0-8A3B-FF2C32060196} = {35CBD5D7-9654-49F0-9365-353FA6A78AF0}
		{DC0A541B-5277-435A-9047-75F79C1AA77D} = {99DE853C-A627-4103-8537-FD785C2A733F}
		{92C7D0EC-6FD0-443F-AEA4-CA9D8C6FC7F3} = {569E21FA-0695-4DAD-9723-6C7B13683D09}
		{E9620299-BF9F-4457-8D7A-B1580856C02D} = {569E21FA-0695-4DAD-9723-6C7B13683D09}
	EndGlobalSection
	GlobalSection(ExtensibilityGlobals) = postSolution
		SolutionGuid = {89E46B36-D9A2-4F0D-9300-D40B352F144A}
	EndGlobalSection
EndGlobal
